
Microsoft Visual Studio Solution File, Format Version 12.00
# Visual Studio 15
VisualStudioVersion = 15.0.27130.2010
MinimumVisualStudioVersion = 10.0.40219.1
Project("{FAE04EC0-301F-11D3-BF4B-00C04F79EFBC}") = "Test", "Test\Test.csproj", "{019D9790-D32D-41C0-9EAD-3806C95FEDEA}"
EndProject
Global
	GlobalSection(SolutionConfigurationPlatforms) = preSolution
		Debug|Any CPU = Debug|Any CPU
		Release|Any CPU = Release|Any CPU
	EndGlobalSection
	GlobalSection(ProjectConfigurationPlatforms) = postSolution
		{019D9790-D32D-41C0-9EAD-3806C95FEDEA}.Debug|Any CPU.ActiveCfg = Debug|Any CPU
		{019D9790-D32D-41C0-9EAD-3806C95FEDEA}.Debug|Any CPU.Build.0 = Debug|Any CPU
		{019D9790-D32D-41C0-9EAD-3806C95FEDEA}.Release|Any CPU.ActiveCfg = Release|Any CPU
		{019D9790-D32D-41C0-9EAD-3806C95FEDEA}.Release|Any CPU.Build.0 = Release|Any CPU
	EndGlobalSection
	GlobalSection(SolutionProperties) = preSolution
		HideSolutionNode = FALSE
	EndGlobalSection
	GlobalSection(ExtensibilityGlobals) = postSolution
		SolutionGuid = {CF8E1C65-C9D5-4188-8C56-DD8825EF36A0}
	EndGlobalSection
EndGlobal
